// !$*UTF8*$!
{
	archiveVersion = 1;
	classes = {
	};
	objectVersion = 55;
	objects = {

/* Begin PBXBuildFile section */
		6E224C7C28D1EF340062A4C3 /* NewsDetails.swift in Sources */ = {isa = PBXBuildFile; fileRef = 6E224C7B28D1EF340062A4C3 /* NewsDetails.swift */; };
		6E4AD3D428CF69620089831D /* AppDelegate.swift in Sources */ = {isa = PBXBuildFile; fileRef = 6E4AD3D328CF69620089831D /* AppDelegate.swift */; };
		6E4AD3D628CF69620089831D /* SceneDelegate.swift in Sources */ = {isa = PBXBuildFile; fileRef = 6E4AD3D528CF69620089831D /* SceneDelegate.swift */; };
		6E4AD3D828CF69620089831D /* ViewController.swift in Sources */ = {isa = PBXBuildFile; fileRef = 6E4AD3D728CF69620089831D /* ViewController.swift */; };
		6E4AD3DB28CF69620089831D /* Main.storyboard in Resources */ = {isa = PBXBuildFile; fileRef = 6E4AD3D928CF69620089831D /* Main.storyboard */; };
		6E4AD3DD28CF69630089831D /* Assets.xcassets in Resources */ = {isa = PBXBuildFile; fileRef = 6E4AD3DC28CF69630089831D /* Assets.xcassets */; };
		6E4AD3E028CF69630089831D /* LaunchScreen.storyboard in Resources */ = {isa = PBXBuildFile; fileRef = 6E4AD3DE28CF69630089831D /* LaunchScreen.storyboard */; };
		6E4AD3E828CF6A530089831D /* SecondViewController.swift in Sources */ = {isa = PBXBuildFile; fileRef = 6E4AD3E728CF6A530089831D /* SecondViewController.swift */; };
		6E4AD3EA28CF6A610089831D /* ThirdViewController.swift in Sources */ = {isa = PBXBuildFile; fileRef = 6E4AD3E928CF6A610089831D /* ThirdViewController.swift */; };
		6E4AD3ED28CF72330089831D /* CollectionViewCell.swift in Sources */ = {isa = PBXBuildFile; fileRef = 6E4AD3EB28CF72330089831D /* CollectionViewCell.swift */; };
		6E4AD3EE28CF72330089831D /* CollectionViewCell.xib in Resources */ = {isa = PBXBuildFile; fileRef = 6E4AD3EC28CF72330089831D /* CollectionViewCell.xib */; };
		6E4AD3F228CF92E10089831D /* News.swift in Sources */ = {isa = PBXBuildFile; fileRef = 6E4AD3F128CF92E10089831D /* News.swift */; };
/* End PBXBuildFile section */

/* Begin PBXFileReference section */
		6E224C7B28D1EF340062A4C3 /* NewsDetails.swift */ = {isa = PBXFileReference; lastKnownFileType = sourcecode.swift; path = NewsDetails.swift; sourceTree = "<group>"; };
		6E4AD3D028CF69620089831D /* Week4-Kerim.app */ = {isa = PBXFileReference; explicitFileType = wrapper.application; includeInIndex = 0; path = "Week4-Kerim.app"; sourceTree = BUILT_PRODUCTS_DIR; };
		6E4AD3D328CF69620089831D /* AppDelegate.swift */ = {isa = PBXFileReference; lastKnownFileType = sourcecode.swift; path = AppDelegate.swift; sourceTree = "<group>"; };
		6E4AD3D528CF69620089831D /* SceneDelegate.swift */ = {isa = PBXFileReference; lastKnownFileType = sourcecode.swift; path = SceneDelegate.swift; sourceTree = "<group>"; };
		6E4AD3D728CF69620089831D /* ViewController.swift */ = {isa = PBXFileReference; lastKnownFileType = sourcecode.swift; path = ViewController.swift; sourceTree = "<group>"; };
		6E4AD3DA28CF69620089831D /* Base */ = {isa = PBXFileReference; lastKnownFileType = file.storyboard; name = Base; path = Base.lproj/Main.storyboard; sourceTree = "<group>"; };
		6E4AD3DC28CF69630089831D /* Assets.xcassets */ = {isa = PBXFileReference; lastKnownFileType = folder.assetcatalog; path = Assets.xcassets; sourceTree = "<group>"; };
		6E4AD3DF28CF69630089831D /* Base */ = {isa = PBXFileReference; lastKnownFileType = file.storyboard; name = Base; path = Base.lproj/LaunchScreen.storyboard; sourceTree = "<group>"; };
		6E4AD3E128CF69630089831D /* Info.plist */ = {isa = PBXFileReference; lastKnownFileType = text.plist.xml; path = Info.plist; sourceTree = "<group>"; };
		6E4AD3E728CF6A530089831D /* SecondViewController.swift */ = {isa = PBXFileReference; lastKnownFileType = sourcecode.swift; path = SecondViewController.swift; sourceTree = "<group>"; };
		6E4AD3E928CF6A610089831D /* ThirdViewController.swift */ = {isa = PBXFileReference; lastKnownFileType = sourcecode.swift; path = ThirdViewController.swift; sourceTree = "<group>"; };
		6E4AD3EB28CF72330089831D /* CollectionViewCell.swift */ = {isa = PBXFileReference; lastKnownFileType = sourcecode.swift; path = CollectionViewCell.swift; sourceTree = "<group>"; };
		6E4AD3EC28CF72330089831D /* CollectionViewCell.xib */ = {isa = PBXFileReference; lastKnownFileType = file.xib; path = CollectionViewCell.xib; sourceTree = "<group>"; };
		6E4AD3F128CF92E10089831D /* News.swift */ = {isa = PBXFileReference; lastKnownFileType = sourcecode.swift; path = News.swift; sourceTree = "<group>"; };
/* End PBXFileReference section */

/* Begin PBXFrameworksBuildPhase section */
		6E4AD3CD28CF69620089831D /* Frameworks */ = {
			isa = PBXFrameworksBuildPhase;
			buildActionMask = 2147483647;
			files = (
			);
			runOnlyForDeploymentPostprocessing = 0;
		};
/* End PBXFrameworksBuildPhase section */

/* Begin PBXGroup section */
		6E4AD3C728CF69620089831D = {
			isa = PBXGroup;
			children = (
				6E4AD3D228CF69620089831D /* Week4-Kerim */,
				6E4AD3D128CF69620089831D /* Products */,
			);
			sourceTree = "<group>";
		};
		6E4AD3D128CF69620089831D /* Products */ = {
			isa = PBXGroup;
			children = (
				6E4AD3D028CF69620089831D /* Week4-Kerim.app */,
			);
			name = Products;
			sourceTree = "<group>";
		};
		6E4AD3D228CF69620089831D /* Week4-Kerim */ = {
			isa = PBXGroup;
			children = (
				6E4AD3D328CF69620089831D /* AppDelegate.swift */,
				6E4AD3D528CF69620089831D /* SceneDelegate.swift */,
				6E4AD3D728CF69620089831D /* ViewController.swift */,
				6E4AD3E728CF6A530089831D /* SecondViewController.swift */,
				6E4AD3E928CF6A610089831D /* ThirdViewController.swift */,
				6E4AD3EB28CF72330089831D /* CollectionViewCell.swift */,
				6E4AD3EC28CF72330089831D /* CollectionViewCell.xib */,
				6E4AD3F128CF92E10089831D /* News.swift */,
				6E224C7B28D1EF340062A4C3 /* NewsDetails.swift */,
				6E4AD3D928CF69620089831D /* Main.storyboard */,
				6E4AD3DC28CF69630089831D /* Assets.xcassets */,
				6E4AD3DE28CF69630089831D /* LaunchScreen.storyboard */,
				6E4AD3E128CF69630089831D /* Info.plist */,
			);
			path = "Week4-Kerim";
			sourceTree = "<group>";
		};
/* End PBXGroup section */

/* Begin PBXNativeTarget section */
		6E4AD3CF28CF69620089831D /* Week4-Kerim */ = {
			isa = PBXNativeTarget;
			buildConfigurationList = 6E4AD3E428CF69630089831D /* Build configuration list for PBXNativeTarget "Week4-Kerim" */;
			buildPhases = (
				6E4AD3CC28CF69620089831D /* Sources */,
				6E4AD3CD28CF69620089831D /* Frameworks */,
				6E4AD3CE28CF69620089831D /* Resources */,
			);
			buildRules = (
			);
			dependencies = (
			);
			name = "Week4-Kerim";
			productName = "Week4-Kerim";
			productReference = 6E4AD3D028CF69620089831D /* Week4-Kerim.app */;
			productType = "com.apple.product-type.application";
		};
/* End PBXNativeTarget section */

/* Begin PBXProject section */
		6E4AD3C828CF69620089831D /* Project object */ = {
			isa = PBXProject;
			attributes = {
				BuildIndependentTargetsInParallel = 1;
				LastSwiftUpdateCheck = 1340;
				LastUpgradeCheck = 1340;
				TargetAttributes = {
					6E4AD3CF28CF69620089831D = {
						CreatedOnToolsVersion = 13.4.1;
					};
				};
			};
			buildConfigurationList = 6E4AD3CB28CF69620089831D /* Build configuration list for PBXProject "Week4-Kerim" */;
			compatibilityVersion = "Xcode 13.0";
			developmentRegion = en;
			hasScannedForEncodings = 0;
			knownRegions = (
				en,
				Base,
			);
			mainGroup = 6E4AD3C728CF69620089831D;
			productRefGroup = 6E4AD3D128CF69620089831D /* Products */;
			projectDirPath = "";
			projectRoot = "";
			targets = (
				6E4AD3CF28CF69620089831D /* Week4-Kerim */,
			);
		};
/* End PBXProject section */

/* Begin PBXResourcesBuildPhase section */
		6E4AD3CE28CF69620089831D /* Resources */ = {
			isa = PBXResourcesBuildPhase;
			buildActionMask = 2147483647;
			files = (
				6E4AD3E028CF69630089831D /* LaunchScreen.storyboard in Resources */,
				6E4AD3DD28CF69630089831D /* Assets.xcassets in Resources */,
				6E4AD3EE28CF72330089831D /* CollectionViewCell.xib in Resources */,
				6E4AD3DB28CF69620089831D /* Main.storyboard in Resources */,
			);
			runOnlyForDeploymentPostprocessing = 0;
		};
/* End PBXResourcesBuildPhase section */

/* Begin PBXSourcesBuildPhase section */
		6E4AD3CC28CF69620089831D /* Sources */ = {
			isa = PBXSourcesBuildPhase;
			buildActionMask = 2147483647;
			files = (
				6E4AD3E828CF6A530089831D /* SecondViewController.swift in Sources */,
				6E4AD3D828CF69620089831D /* ViewController.swift in Sources */,
				6E4AD3ED28CF72330089831D /* CollectionViewCell.swift in Sources */,
				6E4AD3EA28CF6A610089831D /* ThirdViewController.swift in Sources */,
				6E4AD3F228CF92E10089831D /* News.swift in Sources */,
				6E4AD3D428CF69620089831D /* AppDelegate.swift in Sources */,
				6E4AD3D628CF69620089831D /* SceneDelegate.swift in Sources */,
				6E224C7C28D1EF340062A4C3 /* NewsDetails.swift in Sources */,
			);
			runOnlyForDeploymentPostprocessing = 0;
		};
/* End PBXSourcesBuildPhase section */

/* Begin PBXVariantGroup section */
		6E4AD3D928CF69620089831D /* Main.storyboard */ = {
			isa = PBXVariantGroup;
			children = (
				6E4AD3DA28CF69620089831D /* Base */,
			);
			name = Main.storyboard;
			sourceTree = "<group>";
		};
		6E4AD3DE28CF69630089831D /* LaunchScreen.storyboard */ = {
			isa = PBXVariantGroup;
			children = (
				6E4AD3DF28CF69630089831D /* Base */,
			);
			name = LaunchScreen.storyboard;
			sourceTree = "<group>";
		};
/* End PBXVariantGroup section */

/* Begin XCBuildConfiguration section */
		6E4AD3E228CF69630089831D /* Debug */ = {
			isa = XCBuildConfiguration;
			buildSettings = {
				ALWAYS_SEARCH_USER_PATHS = NO;
				CLANG_ANALYZER_NONNULL = YES;
				CLANG_ANALYZER_NUMBER_OBJECT_CONVERSION = YES_AGGRESSIVE;
				CLANG_CXX_LANGUAGE_STANDARD = "gnu++17";
				CLANG_ENABLE_MODULES = YES;
				CLANG_ENABLE_OBJC_ARC = YES;
				CLANG_ENABLE_OBJC_WEAK = YES;
				CLANG_WARN_BLOCK_CAPTURE_AUTORELEASING = YES;
				CLANG_WARN_BOOL_CONVERSION = YES;
				CLANG_WARN_COMMA = YES;
				CLANG_WARN_CONSTANT_CONVERSION = YES;
				CLANG_WARN_DEPRECATED_OBJC_IMPLEMENTATIONS = YES;
				CLANG_WARN_DIRECT_OBJC_ISA_USAGE = YES_ERROR;
				CLANG_WARN_DOCUMENTATION_COMMENTS = YES;
				CLANG_WARN_EMPTY_BODY = YES;
				CLANG_WARN_ENUM_CONVERSION = YES;
				CLANG_WARN_INFINITE_RECURSION = YES;
				CLANG_WARN_INT_CONVERSION = YES;
				CLANG_WARN_NON_LITERAL_NULL_CONVERSION = YES;
				CLANG_WARN_OBJC_IMPLICIT_RETAIN_SELF = YES;
				CLANG_WARN_OBJC_LITERAL_CONVERSION = YES;
				CLANG_WARN_OBJC_ROOT_CLASS = YES_ERROR;
				CLANG_WARN_QUOTED_INCLUDE_IN_FRAMEWORK_HEADER = YES;
				CLANG_WARN_RANGE_LOOP_ANALYSIS = YES;
				CLANG_WARN_STRICT_PROTOTYPES = YES;
				CLANG_WARN_SUSPICIOUS_MOVE = YES;
				CLANG_WARN_UNGUARDED_AVAILABILITY = YES_AGGRESSIVE;
				CLANG_WARN_UNREACHABLE_CODE = YES;
				CLANG_WARN__DUPLICATE_METHOD_MATCH = YES;
				COPY_PHASE_STRIP = NO;
				DEBUG_INFORMATION_FORMAT = dwarf;
				ENABLE_STRICT_OBJC_MSGSEND = YES;
				ENABLE_TESTABILITY = YES;
				GCC_C_LANGUAGE_STANDARD = gnu11;
				GCC_DYNAMIC_NO_PIC = NO;
				GCC_NO_COMMON_BLOCKS = YES;
				GCC_OPTIMIZATION_LEVEL = 0;
				GCC_PREPROCESSOR_DEFINITIONS = (
					"DEBUG=1",
					"$(inherited)",
				);
				GCC_WARN_64_TO_32_BIT_CONVERSION = YES;
				GCC_WARN_ABOUT_RETURN_TYPE = YES_ERROR;
				GCC_WARN_UNDECLARED_SELECTOR = YES;
				GCC_WARN_UNINITIALIZED_AUTOS = YES_AGGRESSIVE;
				GCC_WARN_UNUSED_FUNCTION = YES;
				GCC_WARN_UNUSED_VARIABLE = YES;
				IPHONEOS_DEPLOYMENT_TARGET = 15.5;
				MTL_ENABLE_DEBUG_INFO = INCLUDE_SOURCE;
				MTL_FAST_MATH = YES;
				ONLY_ACTIVE_ARCH = YES;
				SDKROOT = iphoneos;
				SWIFT_ACTIVE_COMPILATION_CONDITIONS = DEBUG;
				SWIFT_OPTIMIZATION_LEVEL = "-Onone";
			};
			name = Debug;
		};
		6E4AD3E328CF69630089831D /* Release */ = {
			isa = XCBuildConfiguration;
			buildSettings = {
				ALWAYS_SEARCH_USER_PATHS = NO;
				CLANG_ANALYZER_NONNULL = YES;
				CLANG_ANALYZER_NUMBER_OBJECT_CONVERSION = YES_AGGRESSIVE;
				CLANG_CXX_LANGUAGE_STANDARD = "gnu++17";
				CLANG_ENABLE_MODULES = YES;
				CLANG_ENABLE_OBJC_ARC = YES;
				CLANG_ENABLE_OBJC_WEAK = YES;
				CLANG_WARN_BLOCK_CAPTURE_AUTORELEASING = YES;
				CLANG_WARN_BOOL_CONVERSION = YES;
				CLANG_WARN_COMMA = YES;
				CLANG_WARN_CONSTANT_CONVERSION = YES;
				CLANG_WARN_DEPRECATED_OBJC_IMPLEMENTATIONS = YES;
				CLANG_WARN_DIRECT_OBJC_ISA_USAGE = YES_ERROR;
				CLANG_WARN_DOCUMENTATION_COMMENTS = YES;
				CLANG_WARN_EMPTY_BODY = YES;
				CLANG_WARN_ENUM_CONVERSION = YES;
				CLANG_WARN_INFINITE_RECURSION = YES;
				CLANG_WARN_INT_CONVERSION = YES;
				CLANG_WARN_NON_LITERAL_NULL_CONVERSION = YES;
				CLANG_WARN_OBJC_IMPLICIT_RETAIN_SELF = YES;
				CLANG_WARN_OBJC_LITERAL_CONVERSION = YES;
				CLANG_WARN_OBJC_ROOT_CLASS = YES_ERROR;
				CLANG_WARN_QUOTED_INCLUDE_IN_FRAMEWORK_HEADER = YES;
				CLANG_WARN_RANGE_LOOP_ANALYSIS = YES;
				CLANG_WARN_STRICT_PROTOTYPES = YES;
				CLANG_WARN_SUSPICIOUS_MOVE = YES;
				CLANG_WARN_UNGUARDED_AVAILABILITY = YES_AGGRESSIVE;
				CLANG_WARN_UNREACHABLE_CODE = YES;
				CLANG_WARN__DUPLICATE_METHOD_MATCH = YES;
				COPY_PHASE_STRIP = NO;
				DEBUG_INFORMATION_FORMAT = "dwarf-with-dsym";
				ENABLE_NS_ASSERTIONS = NO;
				ENABLE_STRICT_OBJC_MSGSEND = YES;
				GCC_C_LANGUAGE_STANDARD = gnu11;
				GCC_NO_COMMON_BLOCKS = YES;
				GCC_WARN_64_TO_32_BIT_CONVERSION = YES;
				GCC_WARN_ABOUT_RETURN_TYPE = YES_ERROR;
				GCC_WARN_UNDECLARED_SELECTOR = YES;
				GCC_WARN_UNINITIALIZED_AUTOS = YES_AGGRESSIVE;
				GCC_WARN_UNUSED_FUNCTION = YES;
				GCC_WARN_UNUSED_VARIABLE = YES;
				IPHONEOS_DEPLOYMENT_TARGET = 15.5;
				MTL_ENABLE_DEBUG_INFO = NO;
				MTL_FAST_MATH = YES;
				SDKROOT = iphoneos;
				SWIFT_COMPILATION_MODE = wholemodule;
				SWIFT_OPTIMIZATION_LEVEL = "-O";
				VALIDATE_PRODUCT = YES;
			};
			name = Release;
		};
		6E4AD3E528CF69630089831D /* Debug */ = {
			isa = XCBuildConfiguration;
			buildSettings = {
				ASSETCATALOG_COMPILER_APPICON_NAME = AppIcon;
				ASSETCATALOG_COMPILER_GLOBAL_ACCENT_COLOR_NAME = AccentColor;
				CODE_SIGN_STYLE = Automatic;
				CURRENT_PROJECT_VERSION = 1;
				DEVELOPMENT_TEAM = 44BHC3G82R;
				GENERATE_INFOPLIST_FILE = YES;
				INFOPLIST_FILE = "Week4-Kerim/Info.plist";
				INFOPLIST_KEY_UIApplicationSupportsIndirectInputEvents = YES;
				INFOPLIST_KEY_UILaunchStoryboardName = LaunchScreen;
				INFOPLIST_KEY_UIMainStoryboardFile = Main;
				INFOPLIST_KEY_UISupportedInterfaceOrientations = UIInterfaceOrientationPortrait;
				INFOPLIST_KEY_UISupportedInterfaceOrientations_iPad = "UIInterfaceOrientationPortrait UIInterfaceOrientationPortraitUpsideDown UIInterfaceOrientationLandscapeLeft UIInterfaceOrientationLandscapeRight";
				INFOPLIST_KEY_UISupportedInterfaceOrientations_iPhone = "UIInterfaceOrientationPortrait UIInterfaceOrientationLandscapeLeft UIInterfaceOrientationLandscapeRight";
				IPHONEOS_DEPLOYMENT_TARGET = 15.0;
				LD_RUNPATH_SEARCH_PATHS = (
					"$(inherited)",
					"@executable_path/Frameworks",
				);
				MARKETING_VERSION = 1.0;
				PRODUCT_BUNDLE_IDENTIFIER = "com.kerimozek.Week4-Kerim";
				PRODUCT_NAME = "$(TARGET_NAME)";
				SWIFT_EMIT_LOC_STRINGS = YES;
				SWIFT_VERSION = 5.0;
				TARGETED_DEVICE_FAMILY = 1;
			};
			name = Debug;
		};
		6E4AD3E628CF69630089831D /* Release */ = {
			isa = XCBuildConfiguration;
			buildSettings = {
				ASSETCATALOG_COMPILER_APPICON_NAME = AppIcon;
				ASSETCATALOG_COMPILER_GLOBAL_ACCENT_COLOR_NAME = AccentColor;
				CODE_SIGN_STYLE = Automatic;
				CURRENT_PROJECT_VERSION = 1;
				DEVELOPMENT_TEAM = 44BHC3G82R;
				GENERATE_INFOPLIST_FILE = YES;
				INFOPLIST_FILE = "Week4-Kerim/Info.plist";
				INFOPLIST_KEY_UIApplicationSupportsIndirectInputEvents = YES;
				INFOPLIST_KEY_UILaunchStoryboardName = LaunchScreen;
				INFOPLIST_KEY_UIMainStoryboardFile = Main;
				INFOPLIST_KEY_UISupportedInterfaceOrientations = UIInterfaceOrientationPortrait;
				INFOPLIST_KEY_UISupportedInterfaceOrientations_iPad = "UIInterfaceOrientationPortrait UIInterfaceOrientationPortraitUpsideDown UIInterfaceOrientationLandscapeLeft UIInterfaceOrientationLandscapeRight";
				INFOPLIST_KEY_UISupportedInterfaceOrientations_iPhone = "UIInterfaceOrientationPortrait UIInterfaceOrientationLandscapeLeft UIInterfaceOrientationLandscapeRight";
				IPHONEOS_DEPLOYMENT_TARGET = 15.0;
				LD_RUNPATH_SEARCH_PATHS = (
					"$(inherited)",
					"@executable_path/Frameworks",
				);
				MARKETING_VERSION = 1.0;
				PRODUCT_BUNDLE_IDENTIFIER = "com.kerimozek.Week4-Kerim";
				PRODUCT_NAME = "$(TARGET_NAME)";
				SWIFT_EMIT_LOC_STRINGS = YES;
				SWIFT_VERSION = 5.0;
				TARGETED_DEVICE_FAMILY = 1;
			};
			name = Release;
		};
/* End XCBuildConfiguration section */

/* Begin XCConfigurationList section */
		6E4AD3CB28CF69620089831D /* Build configuration list for PBXProject "Week4-Kerim" */ = {
			isa = XCConfigurationList;
			buildConfigurations = (
				6E4AD3E228CF69630089831D /* Debug */,
				6E4AD3E328CF69630089831D /* Release */,
			);
			defaultConfigurationIsVisible = 0;
			defaultConfigurationName = Release;
		};
		6E4AD3E428CF69630089831D /* Build configuration list for PBXNativeTarget "Week4-Kerim" */ = {
			isa = XCConfigurationList;
			buildConfigurations = (
				6E4AD3E528CF69630089831D /* Debug */,
				6E4AD3E628CF69630089831D /* Release */,
			);
			defaultConfigurationIsVisible = 0;
			defaultConfigurationName = Release;
		};
/* End XCConfigurationList section */
	};
	rootObject = 6E4AD3C828CF69620089831D /* Project object */;
}
